
Microsoft Visual Studio Solution File, Format Version 12.00
# Visual Studio 15
VisualStudioVersion = 15.0.26430.14
MinimumVisualStudioVersion = 10.0.40219.1
Project("{FAE04EC0-301F-11D3-BF4B-00C04F79EFBC}") = "Nanicitus.Core", "Nanicitus.Core\Nanicitus.Core.csproj", "{75457484-BEA0-4412-AB1A-DB5DC19FFBDE}"
EndProject
Project("{FAE04EC0-301F-11D3-BF4B-00C04F79EFBC}") = "Nanicitus.Service", "Nanicitus.Service\Nanicitus.Service.csproj", "{DEEDBCC7-35B6-4FD8-8CE7-991F3FF7011B}"
EndProject
Project("{2150E333-8FDC-42A3-9474-1A3956D46DE8}") = "analysis", "analysis", "{D87210B4-BA6F-4DEE-BCF0-FC6004DA43C7}"
	ProjectSection(SolutionItems) = preProject
		CustomDictionary.xml = CustomDictionary.xml
		stylecop.json = stylecop.json
	EndProjectSection
EndProject
Global
	GlobalSection(SolutionConfigurationPlatforms) = preSolution
		Debug|Any CPU = Debug|Any CPU
		Deploy|Any CPU = Deploy|Any CPU
		Release|Any CPU = Release|Any CPU
	EndGlobalSection
	GlobalSection(ProjectConfigurationPlatforms) = postSolution
		{75457484-BEA0-4412-AB1A-DB5DC19FFBDE}.Debug|Any CPU.ActiveCfg = Debug|Any CPU
		{75457484-BEA0-4412-AB1A-DB5DC19FFBDE}.Debug|Any CPU.Build.0 = Debug|Any CPU
		{75457484-BEA0-4412-AB1A-DB5DC19FFBDE}.Deploy|Any CPU.ActiveCfg = Deploy|Any CPU
		{75457484-BEA0-4412-AB1A-DB5DC19FFBDE}.Deploy|Any CPU.Build.0 = Deploy|Any CPU
		{75457484-BEA0-4412-AB1A-DB5DC19FFBDE}.Release|Any CPU.ActiveCfg = Release|Any CPU
		{75457484-BEA0-4412-AB1A-DB5DC19FFBDE}.Release|Any CPU.Build.0 = Release|Any CPU
		{DEEDBCC7-35B6-4FD8-8CE7-991F3FF7011B}.Debug|Any CPU.ActiveCfg = Debug|Any CPU
		{DEEDBCC7-35B6-4FD8-8CE7-991F3FF7011B}.Debug|Any CPU.Build.0 = Debug|Any CPU
		{DEEDBCC7-35B6-4FD8-8CE7-991F3FF7011B}.Deploy|Any CPU.ActiveCfg = Deploy|Any CPU
		{DEEDBCC7-35B6-4FD8-8CE7-991F3FF7011B}.Deploy|Any CPU.Build.0 = Deploy|Any CPU
		{DEEDBCC7-35B6-4FD8-8CE7-991F3FF7011B}.Release|Any CPU.ActiveCfg = Release|Any CPU
		{DEEDBCC7-35B6-4FD8-8CE7-991F3FF7011B}.Release|Any CPU.Build.0 = Release|Any CPU
	EndGlobalSection
	GlobalSection(SolutionProperties) = preSolution
		HideSolutionNode = FALSE
	EndGlobalSection
EndGlobal
